# This file is automatically @generated by Cargo.
# It is not intended for manual editing.
version = 3

[[package]]
name = "num"
version = "0.1.0"

[[package]]
name = "queue"
version = "0.1.0"
dependencies = [
 "num",
]

[[package]]
name = "rand"
version = "0.1.0"
dependencies = [
 "num",
]

[[package]]
name = "sim"
version = "0.1.0"
dependencies = [
 "queue",
 "rand",
]
